
Microsoft Visual Studio Solution File, Format Version 12.00
# Visual Studio 15
VisualStudioVersion = 15.0.26730.15
MinimumVisualStudioVersion = 10.0.40219.1
Project("{FAE04EC0-301F-11D3-BF4B-00C04F79EFBC}") = "Lab09Tom", "Lab09Tom\Lab09Tom.csproj", "{8295AC79-1DF0-4D3E-902E-9BCB293FCB18}"
EndProject
Global
	GlobalSection(SolutionConfigurationPlatforms) = preSolution
		Debug|Any CPU = Debug|Any CPU
		Release|Any CPU = Release|Any CPU
	EndGlobalSection
	GlobalSection(ProjectConfigurationPlatforms) = postSolution
		{8295AC79-1DF0-4D3E-902E-9BCB293FCB18}.Debug|Any CPU.ActiveCfg = Debug|Any CPU
		{8295AC79-1DF0-4D3E-902E-9BCB293FCB18}.Debug|Any CPU.Build.0 = Debug|Any CPU
		{8295AC79-1DF0-4D3E-902E-9BCB293FCB18}.Release|Any CPU.ActiveCfg = Release|Any CPU
		{8295AC79-1DF0-4D3E-902E-9BCB293FCB18}.Release|Any CPU.Build.0 = Release|Any CPU
	EndGlobalSection
	GlobalSection(SolutionProperties) = preSolution
		HideSolutionNode = FALSE
	EndGlobalSection
	GlobalSection(ExtensibilityGlobals) = postSolution
		SolutionGuid = {A9FA9825-B391-4A6A-AF40-58CCDB4291EE}
	EndGlobalSection
EndGlobal
